<Solution>
  <Folder Name="/src/">
    <Project Path="src/HoneyDrunk.Identity.Abstractions/HoneyDrunk.Identity.Abstractions.csproj" />
    <Project Path="src/HoneyDrunk.Identity.Api/HoneyDrunk.Identity.Api.csproj" />
    <Project Path="src/HoneyDrunk.Identity.Client/HoneyDrunk.Identity.Client.csproj" />
    <Project Path="src/HoneyDrunk.Identity.Providers.Entra/HoneyDrunk.Identity.Providers.Entra.csproj" />
    <Project Path="src/HoneyDrunk.Identity/HoneyDrunk.Identity.csproj" />
  </Folder>
  <Folder Name="/tests/">
    <Project Path="tests/HoneyDrunk.Identity.Tests/HoneyDrunk.Identity.Tests.csproj" />
  </Folder>
</Solution>
