{
  "version": 1,
  "dependencies": {
    "net10.0": {
      "HoneyDrunk.Auth": {
        "type": "Direct",
        "requested": "[0.6.1, )",
        "resolved": "0.6.1",
        "contentHash": "CWpC7ePHJZcK73E4DdD2zlLTxiwOGIFynI0cN0jLnH1UFHDGX4mbkw4R7LVvzUU7ddfgdE930xt6xw9eZ9zHaA==",
        "dependencies": {
          "HoneyDrunk.Audit.Abstractions": "0.2.1",
          "HoneyDrunk.Auth.Abstractions": "0.6.1",
          "HoneyDrunk.Kernel.Abstractions": "0.8.1",
          "HoneyDrunk.Vault": "0.8.1",
          "HoneyDrunk.Vault.Providers.AppConfiguration": "0.8.1",
          "HoneyDrunk.Vault.Providers.AzureKeyVault": "0.8.1",
          "Microsoft.IdentityModel.JsonWebTokens": "8.23.0"
        }
      },
      "HoneyDrunk.Kernel": {
        "type": "Direct",
        "requested": "[0.8.1, )",
        "resolved": "0.8.1",
        "contentHash": "W4pXf/GOWqIhNhymkv4Uqj+URmp05nSHTXRKip/rkfQ2x5PCxU2VaqWycBX7dJabiwoOedHwQ2F4dNTw2t38Xw==",
        "dependencies": {
          "HoneyDrunk.Kernel.Abstractions": "0.8.1",
          "Ulid": "1.4.1"
        }
      },
      "HoneyDrunk.Standards": {
        "type": "Direct",
        "requested": "[0.3.0, )",
        "resolved": "0.3.0",
        "contentHash": "OO/tKX6x4Ad+iVp/OLqIxBZWaFgc6QIpGd9rmk4jJysFXKlG6K/gWNpaaQoNF+D97THTFafxY/ISQ+2rEFNwmA=="
      },
      "Microsoft.IdentityModel.Protocols.OpenIdConnect": {
        "type": "Direct",
        "requested": "[8.23.0, )",
        "resolved": "8.23.0",
        "contentHash": "QvvFeTznlWHZ7w3aE4cJ+Ln2BnKzKleVG+H7ywiNcQtGUWmo2XS3LJDizpTyv9N0b8FDWYOnvWAxNynaJapwMQ==",
        "dependencies": {
          "Microsoft.IdentityModel.Protocols": "8.23.0",
          "System.IdentityModel.Tokens.Jwt": "8.23.0"
        }
      },
      "Azure.Core": {
        "type": "Transitive",
        "resolved": "1.60.0",
        "contentHash": "qCa5DLAq0w14aTl9/bvMZNA/QxPzYj1a4zakrpeudxWd4D4YliRHRfccD3yFECeHkMkvQjMmyWLggb8bzhDVKA==",
        "dependencies": {
          "Microsoft.Bcl.AsyncInterfaces": "10.0.9",
          "Microsoft.Identity.Client": "4.84.2",
          "Microsoft.Identity.Client.Extensions.Msal": "4.84.2",
          "System.ClientModel": "1.14.0",
          "System.Memory.Data": "10.0.9"
        }
      },
      "Azure.Data.AppConfiguration": {
        "type": "Transitive",
        "resolved": "1.11.0",
        "contentHash": "ClG33fUhOW18zpAOieIcbb84EfEWe0Ey6pTYjKoMezSrCYmdLbxW03FSuoAWxVTJyu1JEzuNYai08yeSQi6Xvg==",
        "dependencies": {
          "Azure.Core": "1.60.0"
        }
      },
      "Azure.Identity": {
        "type": "Transitive",
        "resolved": "1.21.0",
        "contentHash": "GeFv8sGwRKvDKwI2WFy8r0mhmlxEVZg24Sit2NogTjiSO8RVjllWM65OT6e1sKjOvG8V74y7hAbaELUUPjZQSw==",
        "dependencies": {
          "Azure.Core": "1.53.0"
        }
      },
      "Azure.Messaging.EventGrid": {
        "type": "Transitive",
        "resolved": "5.0.0",
        "contentHash": "/lc0X9Na9v8mb6cY8vRIaMuQEcerHK8msmwmc3nhkY9QX4x4R8w+sDxnHM0eXezzzmEumkfUPnDWIKCEzvsl9A==",
        "dependencies": {
          "Azure.Core": "1.46.2",
          "Azure.Messaging.EventGrid.SystemEvents": "1.0.0"
        }
      },
      "Azure.Messaging.EventGrid.SystemEvents": {
        "type": "Transitive",
        "resolved": "1.0.0",
        "contentHash": "sGAZL0Kw3ErcPPdN3+OcMM+fTCeyGtP/No0+D7PP4tCI5VqKB2DxOlu/tdF4UYuk6YXE3XAZ/yHDjmzEaqr59g==",
        "dependencies": {
          "Azure.Core": "1.46.2"
        }
      },
      "Azure.Security.KeyVault.Secrets": {
        "type": "Transitive",
        "resolved": "4.11.1",
        "contentHash": "/yFMJGQYPPvBSrupjJ388qqXZ1h70Yrer1vG+z+jddgovEmIE7IhShU6ZGIi24IPArY8HBH6FFtgVK369TWhmQ==",
        "dependencies": {
          "Azure.Core": "1.54.0"
        }
      },
      "DnsClient": {
        "type": "Transitive",
        "resolved": "1.7.0",
        "contentHash": "2hrXR83b5g6/ZMJOA36hXp4t56yb7G1mF3Hg6IkrHxvtyaoXRn2WVdgDPN3V8+GugOlUBbTWXgPaka4dXw1QIg=="
      },
      "HoneyDrunk.Audit.Abstractions": {
        "type": "Transitive",
        "resolved": "0.2.1",
        "contentHash": "hSMqhzRZ/sU7oinJMj8NTdSmZ6MryXoQoB/Ci/KryCqxOPduqwvzPHp4VbxRd0n3evM+bbOA+vx707pCvxt/xw==",
        "dependencies": {
          "HoneyDrunk.Kernel.Abstractions": "0.8.1"
        }
      },
      "HoneyDrunk.Auth.Abstractions": {
        "type": "Transitive",
        "resolved": "0.6.1",
        "contentHash": "IAQT0q55NPThI49FQDLfbTUi41H0MYnxp+VAPVC8+SUZzkqAFoyW7uptbuOJPUI63QP/TbcTocPnj46NP11wFg=="
      },
      "HoneyDrunk.Kernel.Abstractions": {
        "type": "Transitive",
        "resolved": "0.8.1",
        "contentHash": "Txv8A6sVxaCQOHzkbzSqxaCeHpQOULDxPUbf4snPkf09X05THbd4iHA2yW/R+l7Up4EoxzFv2ySFvNLXFzHH6g==",
        "dependencies": {
          "Ulid": "1.4.1"
        }
      },
      "HoneyDrunk.Vault": {
        "type": "Transitive",
        "resolved": "0.8.1",
        "contentHash": "bbFHU+5oeCB80VKVx2wPVXX0WWgZcbzY5cpENpWJypkGs4ENGbzRA562YNTKqGjAZAwpaU0S0/jPlUEv99pelw==",
        "dependencies": {
          "HoneyDrunk.Kernel": "0.8.1",
          "HoneyDrunk.Kernel.Abstractions": "0.8.1",
          "Microsoft.Extensions.Resilience": "10.10.0"
        }
      },
      "HoneyDrunk.Vault.Providers.AppConfiguration": {
        "type": "Transitive",
        "resolved": "0.8.1",
        "contentHash": "bF/Vs6ENodvSY+4cLtWVEzKWIOYp8iCruS2+hCR7iBm00c9ci+UaGlh9CAY9v6kLttzA74calvVcOUxYzyLDew==",
        "dependencies": {
          "Azure.Identity": "1.21.0",
          "HoneyDrunk.Vault": "0.8.1",
          "Microsoft.Azure.AppConfiguration.AspNetCore": "8.6.0",
          "Microsoft.Extensions.Configuration.AzureAppConfiguration": "8.6.0",
          "Microsoft.FeatureManagement.AspNetCore": "4.8.0"
        }
      },
      "HoneyDrunk.Vault.Providers.AzureKeyVault": {
        "type": "Transitive",
        "resolved": "0.8.1",
        "contentHash": "UbOtTNftkPOkmbN1CVOvaS1ggg20KNZTpqgTxRw8NxusetFKV2viVTmnKTEA3QaPaL9TCbq4iRPm+l2zj/1oOg==",
        "dependencies": {
          "Azure.Identity": "1.21.0",
          "Azure.Security.KeyVault.Secrets": "4.11.1",
          "HoneyDrunk.Vault": "0.8.1",
          "HoneyDrunk.Vault.Providers.File": "0.8.1"
        }
      },
      "HoneyDrunk.Vault.Providers.File": {
        "type": "Transitive",
        "resolved": "0.8.1",
        "contentHash": "67REb6fAuv3ai+TT1KCu7y3i1y6/QTWYFkNh1LmvAhLx2TNeuzlbQFwum1WB34NNk6A2KVcV0d3qPsHrTsLlWw==",
        "dependencies": {
          "HoneyDrunk.Vault": "0.8.1"
        }
      },
      "Microsoft.Azure.AppConfiguration.AspNetCore": {
        "type": "Transitive",
        "resolved": "8.6.0",
        "contentHash": "ugmFjdFL4NcRkvpDGNzI349X56+rbt2Q05ejT8ofLavppilItiuJHVrynn22s+bg4ozWal3L9R7MOeyXPT6Ncg==",
        "dependencies": {
          "Microsoft.Extensions.Configuration.AzureAppConfiguration": "8.6.0"
        }
      },
      "Microsoft.Bcl.AsyncInterfaces": {
        "type": "Transitive",
        "resolved": "10.0.9",
        "contentHash": "Aq7M8lG6BrHeatqKqncVm9m55ec34k6nnfPRLe/PvGg+b/pAsRM2ejofeKmCLjTXMa+5NGXm382f8CG/D5WDow=="
      },
      "Microsoft.Bcl.Cryptography": {
        "type": "Transitive",
        "resolved": "10.0.2",
        "contentHash": "LG9Yll3B5aNpxv0+D47g6LiOiKBIlodhcHdQwcYzo8VeexFLGqx5ymetmA2aBRyo9cCcWsQWrFsdbsr8LvmWDw=="
      },
      "Microsoft.Bcl.HashCode": {
        "type": "Transitive",
        "resolved": "6.0.0",
        "contentHash": "GI4jcoi6eC9ZhNOQylIBaWOQjyGaR8T6N3tC1u8p3EXfndLCVNNWa+Zp+ocjvvS3kNBN09Zma2HXL0ezO0dRfw=="
      },
      "Microsoft.Extensions.Azure": {
        "type": "Transitive",
        "resolved": "1.12.0",
        "contentHash": "3sIvazPesPdEn5t2yT+pwVWKm1LyN/LB31Wh52giRNf2ckcKmaxW2KOA5uNZHSaqABhMDPAYGMeGBFQreZ7uUg==",
        "dependencies": {
          "Azure.Core": "1.46.2",
          "Azure.Identity": "1.13.1"
        }
      },
      "Microsoft.Extensions.Compliance.Abstractions": {
        "type": "Transitive",
        "resolved": "10.10.0",
        "contentHash": "Sh3ujDRJpCMNY4x+43ljCROt4qBOoWfsL8l816RPYZS1S+Tw277r5002rbB15Sh6hFcCT8mGYBO7NtpfSYrQ0Q=="
      },
      "Microsoft.Extensions.Configuration.AzureAppConfiguration": {
        "type": "Transitive",
        "resolved": "8.6.0",
        "contentHash": "jdep6SPC16joz8Gau7BZ+EXtcqFG/b9cjhQ6OAIOAENTUaa0tFXkfTbtqax8cdfpuvnnIic1ga+wmR5YpbP/4g==",
        "dependencies": {
          "Azure.Data.AppConfiguration": "1.11.0",
          "Azure.Messaging.EventGrid": "5.0.0",
          "Azure.Security.KeyVault.Secrets": "4.8.0",
          "DnsClient": "1.7.0",
          "Microsoft.Bcl.HashCode": "6.0.0",
          "Microsoft.Extensions.Azure": "1.12.0"
        }
      },
      "Microsoft.Extensions.Diagnostics.ExceptionSummarization": {
        "type": "Transitive",
        "resolved": "10.10.0",
        "contentHash": "/6C1XjuRYRXst3QUoFnQdL0Q2ZihDlxr8PQ4jei8MyjVRZEGFg+le6N90d/CdpdgIbDz/h8JIKY1psACYDhPRQ=="
      },
      "Microsoft.Extensions.Resilience": {
        "type": "Transitive",
        "resolved": "10.10.0",
        "contentHash": "aYIiuCSqsIqpaqya2JchArkaWibMhiXTNj4+wkjv0s7A/Uy1dvc4MsCPTOtvOU3ffz0+vYRHi7GHcXqynZfdbQ==",
        "dependencies": {
          "Microsoft.Extensions.Diagnostics.ExceptionSummarization": "10.10.0",
          "Microsoft.Extensions.Telemetry.Abstractions": "10.10.0",
          "Polly.Extensions": "8.4.2",
          "Polly.RateLimiting": "8.4.2"
        }
      },
      "Microsoft.Extensions.Telemetry.Abstractions": {
        "type": "Transitive",
        "resolved": "10.10.0",
        "contentHash": "I76SAZ95I5lYh4whVZvLpKhpvHI1o21FfGqiASU85GtIVA4ULv+TVIE5+swKhnC63+xI4XjCcIWa9LbyR3pFNw==",
        "dependencies": {
          "Microsoft.Extensions.Compliance.Abstractions": "10.10.0"
        }
      },
      "Microsoft.FeatureManagement": {
        "type": "Transitive",
        "resolved": "4.8.0",
        "contentHash": "p1dzpXano+DTet2/hQGb+J91QonETabPYmO5BdqpsWOPq2C3WsWbm1BICTNlWqL81EVGrRrjpQh9mRNX55ZKmQ=="
      },
      "Microsoft.FeatureManagement.AspNetCore": {
        "type": "Transitive",
        "resolved": "4.8.0",
        "contentHash": "LBKVCjgNvJYtIiKb1IoXyuyzpZPmfVxnlDB0ByZ774EB1hNQLQlMQ9juZpJ3fRgEYodYs7aa7WKVvWshHx1CbQ==",
        "dependencies": {
          "Microsoft.FeatureManagement": "4.8.0"
        }
      },
      "Microsoft.Identity.Client": {
        "type": "Transitive",
        "resolved": "4.84.2",
        "contentHash": "Va9FjmABSgj/lcUfHH0pBNQkmS7SNyepz2ERV7Yynp6QgEYpFdSqR6Vzy1WWipN8GS5pBHuXoZbqaDWuARCrHQ==",
        "dependencies": {
          "Microsoft.IdentityModel.Abstractions": "8.14.0"
        }
      },
      "Microsoft.Identity.Client.Extensions.Msal": {
        "type": "Transitive",
        "resolved": "4.84.2",
        "contentHash": "+D98LaU3dOu/Nzs6kgbBJapMvH7iwYcAeC99XwSkpmEadsPv6rozecOl9P6m4A3RfpOuPt9e6J6TwwUUp3+M4w==",
        "dependencies": {
          "Microsoft.Identity.Client": "4.84.2",
          "System.Security.Cryptography.ProtectedData": "4.5.0"
        }
      },
      "Microsoft.IdentityModel.Abstractions": {
        "type": "Transitive",
        "resolved": "8.23.0",
        "contentHash": "JjiBkKj12OKvuWr+kB5sQwb7fmWW5bi03Mq/rd2Fu/7YwZ1RWQO9KhI9lBxki4o1VvY0wzqny8c7nwx1uuZzVg=="
      },
      "Microsoft.IdentityModel.JsonWebTokens": {
        "type": "Transitive",
        "resolved": "8.23.0",
        "contentHash": "ePEm+mv5iswzckE3mygh52uFUeQpVlHa1B10nS4jpEyNV5tL1mLgRS9U5sMaRlhsPRsZ1DJP0+FhxSrOIfMGIg==",
        "dependencies": {
          "Microsoft.IdentityModel.Tokens": "8.23.0"
        }
      },
      "Microsoft.IdentityModel.Logging": {
        "type": "Transitive",
        "resolved": "8.23.0",
        "contentHash": "wSXXOoV4b4hhRcC492jyNBZkO0LWrcWtWP5Cl5ujrON3vTMlufXDT39gTZfBhFAZCV2XJtNU6DLHMDR6E9YpUg==",
        "dependencies": {
          "Microsoft.IdentityModel.Abstractions": "8.23.0"
        }
      },
      "Microsoft.IdentityModel.Protocols": {
        "type": "Transitive",
        "resolved": "8.23.0",
        "contentHash": "wQxyMdH/9Q25/kF7B56YgyqEaUBXJEQ5IY0TEKNH3oAPewNxVOl0ENuaKu0sazR0kw4owQDDSF+AvWcEFEvo2g==",
        "dependencies": {
          "Microsoft.IdentityModel.Tokens": "8.23.0"
        }
      },
      "Microsoft.IdentityModel.Tokens": {
        "type": "Transitive",
        "resolved": "8.23.0",
        "contentHash": "PUowLq8gqICt+oepHWmKBOJmnVmWoQ5dOVn2CgwFMBZZOAEMHgCQLWs8ONYdsjAyjhDHaFy+AAx0OMG/oV06Zw==",
        "dependencies": {
          "Microsoft.Bcl.Cryptography": "10.0.2",
          "Microsoft.IdentityModel.Logging": "8.23.0"
        }
      },
      "Polly.Core": {
        "type": "Transitive",
        "resolved": "8.4.2",
        "contentHash": "BpE2I6HBYYA5tF0Vn4eoQOGYTYIK1BlF5EXVgkWGn3mqUUjbXAr13J6fZVbp7Q3epRR8yshacBMlsHMhpOiV3g=="
      },
      "Polly.Extensions": {
        "type": "Transitive",
        "resolved": "8.4.2",
        "contentHash": "GZ9vRVmR0jV2JtZavt+pGUsQ1O1cuRKG7R7VOZI6ZDy9y6RNPvRvXK1tuS4ffUrv8L0FTea59oEuQzgS0R7zSA==",
        "dependencies": {
          "Polly.Core": "8.4.2"
        }
      },
      "Polly.RateLimiting": {
        "type": "Transitive",
        "resolved": "8.4.2",
        "contentHash": "ehTImQ/eUyO07VYW2WvwSmU9rRH200SKJ/3jku9rOkyWE0A2JxNFmAVms8dSn49QLSjmjFRRSgfNyOgr/2PSmA==",
        "dependencies": {
          "Polly.Core": "8.4.2"
        }
      },
      "System.ClientModel": {
        "type": "Transitive",
        "resolved": "1.14.0",
        "contentHash": "yhIJHDW3Hh5kcvhHv3ww1T8qvya06Nlwo/SR/rke4/fHXtyKiqQV/9b/VDhnVI7QUcMnpfvh4pIEFhNsTDLeKQ==",
        "dependencies": {
          "System.Memory.Data": "10.0.3"
        }
      },
      "System.IdentityModel.Tokens.Jwt": {
        "type": "Transitive",
        "resolved": "8.23.0",
        "contentHash": "mUuRjk0KKvF3dlF7CKcnjHn/4TFaWRDGjDRtn1rACitoIflv96apfLD9KPDisyCEuc/0ierocnHCvIXBvCL4Sw==",
        "dependencies": {
          "Microsoft.IdentityModel.JsonWebTokens": "8.23.0",
          "Microsoft.IdentityModel.Tokens": "8.23.0"
        }
      },
      "System.Memory.Data": {
        "type": "Transitive",
        "resolved": "10.0.9",
        "contentHash": "YweovHiLUoEdbr2Xv8eRqCSkTu1vMms4a6xBHaQiMSFVy32PL+hXv6Vhol2NWOmLHjaVgTyhJ3R52U6JxS6w3Q=="
      },
      "System.Security.Cryptography.ProtectedData": {
        "type": "Transitive",
        "resolved": "4.5.0",
        "contentHash": "wLBKzFnDCxP12VL9ANydSYhk59fC4cvOr9ypYQLPnAj48NQIhqnjdD2yhP8yEKyBJEjERWS9DisKL7rX5eU25Q=="
      },
      "Ulid": {
        "type": "Transitive",
        "resolved": "1.4.1",
        "contentHash": "V6crLJ8a29raWeNwxYGfH9RTKA3H0nR0D9LAGzN3KtEsbiiaWkUjDor6OT5Oz7pxCK+NaY2hu2FLoYEOa8oCkA=="
      },
      "honeydrunk.identity.abstractions": {
        "type": "Project"
      }
    }
  }
}